// !$*UTF8*$!
{
	archiveVersion = 1;
	classes = {
	};
	objectVersion = 51;
	objects = {

/* Begin PBXBuildFile section */
		5D8B0BA50B564F8ECF5226BA /* Pods_Soliu.framework in Frameworks */ = {isa = PBXBuildFile; fileRef = E1A6B1447D37B39FAC5A2511 /* Pods_Soliu.framework */; };
		95BA861926D5E90E00238B9F /* TestScreenViewController.swift in Sources */ = {isa = PBXBuildFile; fileRef = 95BA861826D5E90E00238B9F /* TestScreenViewController.swift */; };
		95BA862026D5E93300238B9F /* TestScreenViewModel.swift in Sources */ = {isa = PBXBuildFile; fileRef = 95BA861F26D5E93300238B9F /* TestScreenViewModel.swift */; };
		95BA862526D5EA6500238B9F /* TestSection.swift in Sources */ = {isa = PBXBuildFile; fileRef = 95BA862426D5EA6500238B9F /* TestSection.swift */; };
		95BA862826D5ED1500238B9F /* TestScreenTableViewCell.swift in Sources */ = {isa = PBXBuildFile; fileRef = 95BA862726D5ED1500238B9F /* TestScreenTableViewCell.swift */; };
		95E6A44826D8A743007A2C9B /* testData.json in Resources */ = {isa = PBXBuildFile; fileRef = 95E6A44726D8A743007A2C9B /* testData.json */; };
		95E6A44B26D8A9FC007A2C9B /* UIColor+Ext.swift in Sources */ = {isa = PBXBuildFile; fileRef = 95E6A44A26D8A9FC007A2C9B /* UIColor+Ext.swift */; };
		D9033F4726D5E301007756C3 /* DiarySubviewModel.swift in Sources */ = {isa = PBXBuildFile; fileRef = D9033F4626D5E301007756C3 /* DiarySubviewModel.swift */; };
		D91A4DF62684E4350050E519 /* MainControllerViewModel.swift in Sources */ = {isa = PBXBuildFile; fileRef = D91A4DF52684E4350050E519 /* MainControllerViewModel.swift */; };
		D96441CD267FE035008406FE /* DiarySubviewController.swift in Sources */ = {isa = PBXBuildFile; fileRef = D96441CC267FE035008406FE /* DiarySubviewController.swift */; };
		D96441CF267FE116008406FE /* Mood.swift in Sources */ = {isa = PBXBuildFile; fileRef = D96441CE267FE116008406FE /* Mood.swift */; };
		D96441D4267FE740008406FE /* String+Ext.swift in Sources */ = {isa = PBXBuildFile; fileRef = D96441D3267FE740008406FE /* String+Ext.swift */; };
		D96441D7267FEA5F008406FE /* DiaryTableViewCell.swift in Sources */ = {isa = PBXBuildFile; fileRef = D96441D5267FEA5F008406FE /* DiaryTableViewCell.swift */; };
		D96441D8267FEA5F008406FE /* DiaryTableViewCell.xib in Resources */ = {isa = PBXBuildFile; fileRef = D96441D6267FEA5F008406FE /* DiaryTableViewCell.xib */; };
		D96441DA267FF03E008406FE /* NotificationViewController.swift in Sources */ = {isa = PBXBuildFile; fileRef = D96441D9267FF03E008406FE /* NotificationViewController.swift */; };
		D96441E12680528F008406FE /* Soliu.xcdatamodeld in Sources */ = {isa = PBXBuildFile; fileRef = D96441DF2680528F008406FE /* Soliu.xcdatamodeld */; };
		D96441E4268057A9008406FE /* UIViewController+Ext.swift in Sources */ = {isa = PBXBuildFile; fileRef = D96441E3268057A9008406FE /* UIViewController+Ext.swift */; };
		D96441EE26823C72008406FE /* CellReusable.swift in Sources */ = {isa = PBXBuildFile; fileRef = D96441ED26823C72008406FE /* CellReusable.swift */; };
		D9AAA07F267C65B100135326 /* AppDelegate.swift in Sources */ = {isa = PBXBuildFile; fileRef = D9AAA07E267C65B100135326 /* AppDelegate.swift */; };
		D9AAA081267C65B100135326 /* SceneDelegate.swift in Sources */ = {isa = PBXBuildFile; fileRef = D9AAA080267C65B100135326 /* SceneDelegate.swift */; };
		D9AAA083267C65B100135326 /* MainViewController.swift in Sources */ = {isa = PBXBuildFile; fileRef = D9AAA082267C65B100135326 /* MainViewController.swift */; };
		D9AAA086267C65B100135326 /* Main.storyboard in Resources */ = {isa = PBXBuildFile; fileRef = D9AAA084267C65B100135326 /* Main.storyboard */; };
		D9AAA088267C65B500135326 /* Assets.xcassets in Resources */ = {isa = PBXBuildFile; fileRef = D9AAA087267C65B500135326 /* Assets.xcassets */; };
		D9AAA08B267C65B500135326 /* LaunchScreen.storyboard in Resources */ = {isa = PBXBuildFile; fileRef = D9AAA089267C65B500135326 /* LaunchScreen.storyboard */; };
		D9AAA36C2689134A00EDCDF1 /* DiaryTableViewCellViewModel.swift in Sources */ = {isa = PBXBuildFile; fileRef = D9AAA36B2689134A00EDCDF1 /* DiaryTableViewCellViewModel.swift */; };
		D9AAA370268925D000EDCDF1 /* AlertProtocol.swift in Sources */ = {isa = PBXBuildFile; fileRef = D9AAA36F268925D000EDCDF1 /* AlertProtocol.swift */; };
/* End PBXBuildFile section */

/* Begin PBXFileReference section */
		95BA861826D5E90E00238B9F /* TestScreenViewController.swift */ = {isa = PBXFileReference; lastKnownFileType = sourcecode.swift; path = TestScreenViewController.swift; sourceTree = "<group>"; };
		95BA861F26D5E93300238B9F /* TestScreenViewModel.swift */ = {isa = PBXFileReference; lastKnownFileType = sourcecode.swift; path = TestScreenViewModel.swift; sourceTree = "<group>"; };
		95BA862426D5EA6500238B9F /* TestSection.swift */ = {isa = PBXFileReference; lastKnownFileType = sourcecode.swift; path = TestSection.swift; sourceTree = "<group>"; };
		95BA862726D5ED1500238B9F /* TestScreenTableViewCell.swift */ = {isa = PBXFileReference; lastKnownFileType = sourcecode.swift; path = TestScreenTableViewCell.swift; sourceTree = "<group>"; };
		95E6A44726D8A743007A2C9B /* testData.json */ = {isa = PBXFileReference; lastKnownFileType = text.json; path = testData.json; sourceTree = "<group>"; };
		95E6A44A26D8A9FC007A2C9B /* UIColor+Ext.swift */ = {isa = PBXFileReference; lastKnownFileType = sourcecode.swift; path = "UIColor+Ext.swift"; sourceTree = "<group>"; };
		B077D1EDCDA0C371790EF9FA /* Pods-Soliu.release.xcconfig */ = {isa = PBXFileReference; includeInIndex = 1; lastKnownFileType = text.xcconfig; name = "Pods-Soliu.release.xcconfig"; path = "Target Support Files/Pods-Soliu/Pods-Soliu.release.xcconfig"; sourceTree = "<group>"; };
		D9033F4626D5E301007756C3 /* DiarySubviewModel.swift */ = {isa = PBXFileReference; lastKnownFileType = sourcecode.swift; path = DiarySubviewModel.swift; sourceTree = "<group>"; };
		D91A4DF52684E4350050E519 /* MainControllerViewModel.swift */ = {isa = PBXFileReference; lastKnownFileType = sourcecode.swift; path = MainControllerViewModel.swift; sourceTree = "<group>"; };
		D96441CC267FE035008406FE /* DiarySubviewController.swift */ = {isa = PBXFileReference; lastKnownFileType = sourcecode.swift; path = DiarySubviewController.swift; sourceTree = "<group>"; };
		D96441CE267FE116008406FE /* Mood.swift */ = {isa = PBXFileReference; lastKnownFileType = sourcecode.swift; path = Mood.swift; sourceTree = "<group>"; };
		D96441D3267FE740008406FE /* String+Ext.swift */ = {isa = PBXFileReference; lastKnownFileType = sourcecode.swift; path = "String+Ext.swift"; sourceTree = "<group>"; };
		D96441D5267FEA5F008406FE /* DiaryTableViewCell.swift */ = {isa = PBXFileReference; lastKnownFileType = sourcecode.swift; path = DiaryTableViewCell.swift; sourceTree = "<group>"; };
		D96441D6267FEA5F008406FE /* DiaryTableViewCell.xib */ = {isa = PBXFileReference; lastKnownFileType = file.xib; path = DiaryTableViewCell.xib; sourceTree = "<group>"; };
		D96441D9267FF03E008406FE /* NotificationViewController.swift */ = {isa = PBXFileReference; lastKnownFileType = sourcecode.swift; path = NotificationViewController.swift; sourceTree = "<group>"; };
		D96441E02680528F008406FE /* Model.xcdatamodel */ = {isa = PBXFileReference; lastKnownFileType = wrapper.xcdatamodel; path = Model.xcdatamodel; sourceTree = "<group>"; };
		D96441E3268057A9008406FE /* UIViewController+Ext.swift */ = {isa = PBXFileReference; lastKnownFileType = sourcecode.swift; path = "UIViewController+Ext.swift"; sourceTree = "<group>"; };
		D96441ED26823C72008406FE /* CellReusable.swift */ = {isa = PBXFileReference; lastKnownFileType = sourcecode.swift; path = CellReusable.swift; sourceTree = "<group>"; };
		D9AAA07B267C65B100135326 /* Soliu.app */ = {isa = PBXFileReference; explicitFileType = wrapper.application; includeInIndex = 0; path = Soliu.app; sourceTree = BUILT_PRODUCTS_DIR; };
		D9AAA07E267C65B100135326 /* AppDelegate.swift */ = {isa = PBXFileReference; lastKnownFileType = sourcecode.swift; path = AppDelegate.swift; sourceTree = "<group>"; };
		D9AAA080267C65B100135326 /* SceneDelegate.swift */ = {isa = PBXFileReference; lastKnownFileType = sourcecode.swift; path = SceneDelegate.swift; sourceTree = "<group>"; };
		D9AAA082267C65B100135326 /* MainViewController.swift */ = {isa = PBXFileReference; lastKnownFileType = sourcecode.swift; path = MainViewController.swift; sourceTree = "<group>"; };
		D9AAA085267C65B100135326 /* Base */ = {isa = PBXFileReference; lastKnownFileType = file.storyboard; name = Base; path = Base.lproj/Main.storyboard; sourceTree = "<group>"; };
		D9AAA087267C65B500135326 /* Assets.xcassets */ = {isa = PBXFileReference; lastKnownFileType = folder.assetcatalog; path = Assets.xcassets; sourceTree = "<group>"; };
		D9AAA08A267C65B500135326 /* Base */ = {isa = PBXFileReference; lastKnownFileType = file.storyboard; name = Base; path = Base.lproj/LaunchScreen.storyboard; sourceTree = "<group>"; };
		D9AAA08C267C65B500135326 /* Info.plist */ = {isa = PBXFileReference; lastKnownFileType = text.plist.xml; path = Info.plist; sourceTree = "<group>"; };
		D9AAA36B2689134A00EDCDF1 /* DiaryTableViewCellViewModel.swift */ = {isa = PBXFileReference; lastKnownFileType = sourcecode.swift; path = DiaryTableViewCellViewModel.swift; sourceTree = "<group>"; };
		D9AAA36F268925D000EDCDF1 /* AlertProtocol.swift */ = {isa = PBXFileReference; lastKnownFileType = sourcecode.swift; path = AlertProtocol.swift; sourceTree = "<group>"; };
		E1A6B1447D37B39FAC5A2511 /* Pods_Soliu.framework */ = {isa = PBXFileReference; explicitFileType = wrapper.framework; includeInIndex = 0; path = Pods_Soliu.framework; sourceTree = BUILT_PRODUCTS_DIR; };
		F8BF02A940375DCFAA3B2439 /* Pods-Soliu.debug.xcconfig */ = {isa = PBXFileReference; includeInIndex = 1; lastKnownFileType = text.xcconfig; name = "Pods-Soliu.debug.xcconfig"; path = "Target Support Files/Pods-Soliu/Pods-Soliu.debug.xcconfig"; sourceTree = "<group>"; };
/* End PBXFileReference section */

/* Begin PBXFrameworksBuildPhase section */
		D9AAA078267C65B100135326 /* Frameworks */ = {
			isa = PBXFrameworksBuildPhase;
			buildActionMask = 2147483647;
			files = (
				5D8B0BA50B564F8ECF5226BA /* Pods_Soliu.framework in Frameworks */,
			);
			runOnlyForDeploymentPostprocessing = 0;
		};
/* End PBXFrameworksBuildPhase section */

/* Begin PBXGroup section */
		13B4F1A3C613E9F8C8510495 /* Pods */ = {
			isa = PBXGroup;
			children = (
				F8BF02A940375DCFAA3B2439 /* Pods-Soliu.debug.xcconfig */,
				B077D1EDCDA0C371790EF9FA /* Pods-Soliu.release.xcconfig */,
			);
			path = Pods;
			sourceTree = "<group>";
		};
		8AC10F80A929D30FABA85620 /* Frameworks */ = {
			isa = PBXGroup;
			children = (
				E1A6B1447D37B39FAC5A2511 /* Pods_Soliu.framework */,
			);
			name = Frameworks;
			sourceTree = "<group>";
		};
		95BA861726D5E8EF00238B9F /* TestScreen */ = {
			isa = PBXGroup;
			children = (
				95BA862326D5EA5900238B9F /* Model */,
				95BA861E26D5E92300238B9F /* ViewModel */,
				95BA861D26D5E91F00238B9F /* View */,
				95BA861B26D5E91400238B9F /* ViewController */,
			);
			path = TestScreen;
			sourceTree = "<group>";
		};
		95BA861B26D5E91400238B9F /* ViewController */ = {
			isa = PBXGroup;
			children = (
				95BA861826D5E90E00238B9F /* TestScreenViewController.swift */,
			);
			path = ViewController;
			sourceTree = "<group>";
		};
		95BA861D26D5E91F00238B9F /* View */ = {
			isa = PBXGroup;
			children = (
				95BA862726D5ED1500238B9F /* TestScreenTableViewCell.swift */,
			);
			path = View;
			sourceTree = "<group>";
		};
		95BA861E26D5E92300238B9F /* ViewModel */ = {
			isa = PBXGroup;
			children = (
				95BA861F26D5E93300238B9F /* TestScreenViewModel.swift */,
			);
			path = ViewModel;
			sourceTree = "<group>";
		};
		95BA862326D5EA5900238B9F /* Model */ = {
			isa = PBXGroup;
			children = (
				95BA862426D5EA6500238B9F /* TestSection.swift */,
			);
			path = Model;
			sourceTree = "<group>";
		};
		D96441C8267FD36A008406FE /* View */ = {
			isa = PBXGroup;
			children = (
				D96441D5267FEA5F008406FE /* DiaryTableViewCell.swift */,
				D96441D6267FEA5F008406FE /* DiaryTableViewCell.xib */,
			);
			path = View;
			sourceTree = "<group>";
		};
		D96441C9267FD370008406FE /* Controller */ = {
			isa = PBXGroup;
			children = (
				D9AAA082267C65B100135326 /* MainViewController.swift */,
				D96441CC267FE035008406FE /* DiarySubviewController.swift */,
				D96441D9267FF03E008406FE /* NotificationViewController.swift */,
			);
			path = Controller;
			sourceTree = "<group>";
		};
		D96441CA267FD377008406FE /* ViewModel */ = {
			isa = PBXGroup;
			children = (
				D91A4DF52684E4350050E519 /* MainControllerViewModel.swift */,
				D9AAA36B2689134A00EDCDF1 /* DiaryTableViewCellViewModel.swift */,
				D9033F4626D5E301007756C3 /* DiarySubviewModel.swift */,
			);
			path = ViewModel;
			sourceTree = "<group>";
		};
		D96441CB267FD3A8008406FE /* Model */ = {
			isa = PBXGroup;
			children = (
				D96441CE267FE116008406FE /* Mood.swift */,
			);
			path = Model;
			sourceTree = "<group>";
		};
		D96441D2267FE71F008406FE /* ResusableComponents */ = {
			isa = PBXGroup;
			children = (
				D96441D3267FE740008406FE /* String+Ext.swift */,
				D96441E3268057A9008406FE /* UIViewController+Ext.swift */,
				D96441ED26823C72008406FE /* CellReusable.swift */,
				D9AAA36F268925D000EDCDF1 /* AlertProtocol.swift */,
				95E6A44A26D8A9FC007A2C9B /* UIColor+Ext.swift */,
			);
			path = ResusableComponents;
			sourceTree = "<group>";
		};
		D9AAA072267C65B100135326 = {
			isa = PBXGroup;
			children = (
				D9AAA07D267C65B100135326 /* Soliu */,
				D9AAA07C267C65B100135326 /* Products */,
				13B4F1A3C613E9F8C8510495 /* Pods */,
				8AC10F80A929D30FABA85620 /* Frameworks */,
			);
			sourceTree = "<group>";
		};
		D9AAA07C267C65B100135326 /* Products */ = {
			isa = PBXGroup;
			children = (
				D9AAA07B267C65B100135326 /* Soliu.app */,
			);
			name = Products;
			sourceTree = "<group>";
		};
		D9AAA07D267C65B100135326 /* Soliu */ = {
			isa = PBXGroup;
			children = (
				D9AAA095267C65F600135326 /* Resources */,
				D9AAA094267C65E000135326 /* Storyboard */,
				D9AAA093267C65CB00135326 /* Modules */,
				D9AAA092267C65C500135326 /* Common */,
				D96441DF2680528F008406FE /* Soliu.xcdatamodeld */,
				95E6A44726D8A743007A2C9B /* testData.json */,
			);
			path = Soliu;
			sourceTree = "<group>";
		};
		D9AAA092267C65C500135326 /* Common */ = {
			isa = PBXGroup;
			children = (
				D9AAA07E267C65B100135326 /* AppDelegate.swift */,
				D9AAA080267C65B100135326 /* SceneDelegate.swift */,
				D9AAA08C267C65B500135326 /* Info.plist */,
			);
			path = Common;
			sourceTree = "<group>";
		};
		D9AAA093267C65CB00135326 /* Modules */ = {
			isa = PBXGroup;
			children = (
				95BA861726D5E8EF00238B9F /* TestScreen */,
				D96441D2267FE71F008406FE /* ResusableComponents */,
				D9AAA096267C6CB500135326 /* MainScreen */,
			);
			path = Modules;
			sourceTree = "<group>";
		};
		D9AAA094267C65E000135326 /* Storyboard */ = {
			isa = PBXGroup;
			children = (
				D9AAA084267C65B100135326 /* Main.storyboard */,
				D9AAA089267C65B500135326 /* LaunchScreen.storyboard */,
			);
			path = Storyboard;
			sourceTree = "<group>";
		};
		D9AAA095267C65F600135326 /* Resources */ = {
			isa = PBXGroup;
			children = (
				D9AAA087267C65B500135326 /* Assets.xcassets */,
			);
			path = Resources;
			sourceTree = "<group>";
		};
		D9AAA096267C6CB500135326 /* MainScreen */ = {
			isa = PBXGroup;
			children = (
				D96441CB267FD3A8008406FE /* Model */,
				D96441CA267FD377008406FE /* ViewModel */,
				D96441C9267FD370008406FE /* Controller */,
				D96441C8267FD36A008406FE /* View */,
			);
			path = MainScreen;
			sourceTree = "<group>";
		};
/* End PBXGroup section */

/* Begin PBXNativeTarget section */
		D9AAA07A267C65B100135326 /* Soliu */ = {
			isa = PBXNativeTarget;
			buildConfigurationList = D9AAA08F267C65B500135326 /* Build configuration list for PBXNativeTarget "Soliu" */;
			buildPhases = (
				8F7CDE489E51773EF6732FAF /* [CP] Check Pods Manifest.lock */,
				D9AAA077267C65B100135326 /* Sources */,
				D9AAA078267C65B100135326 /* Frameworks */,
				D9AAA079267C65B100135326 /* Resources */,
				4245E22C16932F99BF61C94B /* [CP] Embed Pods Frameworks */,
				D9532EB1267C7604009047CE /* ShellScript */,
			);
			buildRules = (
			);
			dependencies = (
			);
			name = Soliu;
			productName = Soliu;
			productReference = D9AAA07B267C65B100135326 /* Soliu.app */;
			productType = "com.apple.product-type.application";
		};
/* End PBXNativeTarget section */

/* Begin PBXProject section */
		D9AAA073267C65B100135326 /* Project object */ = {
			isa = PBXProject;
			attributes = {
				LastSwiftUpdateCheck = 1250;
				LastUpgradeCheck = 1250;
				TargetAttributes = {
					D9AAA07A267C65B100135326 = {
						CreatedOnToolsVersion = 12.5;
					};
				};
			};
			buildConfigurationList = D9AAA076267C65B100135326 /* Build configuration list for PBXProject "Soliu" */;
			compatibilityVersion = "Xcode 9.3";
			developmentRegion = en;
			hasScannedForEncodings = 0;
			knownRegions = (
				en,
				Base,
			);
			mainGroup = D9AAA072267C65B100135326;
			productRefGroup = D9AAA07C267C65B100135326 /* Products */;
			projectDirPath = "";
			projectRoot = "";
			targets = (
				D9AAA07A267C65B100135326 /* Soliu */,
			);
		};
/* End PBXProject section */

/* Begin PBXResourcesBuildPhase section */
		D9AAA079267C65B100135326 /* Resources */ = {
			isa = PBXResourcesBuildPhase;
			buildActionMask = 2147483647;
			files = (
				D9AAA08B267C65B500135326 /* LaunchScreen.storyboard in Resources */,
				D9AAA088267C65B500135326 /* Assets.xcassets in Resources */,
				95E6A44826D8A743007A2C9B /* testData.json in Resources */,
				D9AAA086267C65B100135326 /* Main.storyboard in Resources */,
				D96441D8267FEA5F008406FE /* DiaryTableViewCell.xib in Resources */,
			);
			runOnlyForDeploymentPostprocessing = 0;
		};
/* End PBXResourcesBuildPhase section */

/* Begin PBXShellScriptBuildPhase section */
		4245E22C16932F99BF61C94B /* [CP] Embed Pods Frameworks */ = {
			isa = PBXShellScriptBuildPhase;
			buildActionMask = 2147483647;
			files = (
			);
			inputFileListPaths = (
				"${PODS_ROOT}/Target Support Files/Pods-Soliu/Pods-Soliu-frameworks-${CONFIGURATION}-input-files.xcfilelist",
			);
			name = "[CP] Embed Pods Frameworks";
			outputFileListPaths = (
				"${PODS_ROOT}/Target Support Files/Pods-Soliu/Pods-Soliu-frameworks-${CONFIGURATION}-output-files.xcfilelist",
			);
			runOnlyForDeploymentPostprocessing = 0;
			shellPath = /bin/sh;
			shellScript = "\"${PODS_ROOT}/Target Support Files/Pods-Soliu/Pods-Soliu-frameworks.sh\"\n";
			showEnvVarsInLog = 0;
		};
		8F7CDE489E51773EF6732FAF /* [CP] Check Pods Manifest.lock */ = {
			isa = PBXShellScriptBuildPhase;
			buildActionMask = 2147483647;
			files = (
			);
			inputFileListPaths = (
			);
			inputPaths = (
				"${PODS_PODFILE_DIR_PATH}/Podfile.lock",
				"${PODS_ROOT}/Manifest.lock",
			);
			name = "[CP] Check Pods Manifest.lock";
			outputFileListPaths = (
			);
			outputPaths = (
				"$(DERIVED_FILE_DIR)/Pods-Soliu-checkManifestLockResult.txt",
			);
			runOnlyForDeploymentPostprocessing = 0;
			shellPath = /bin/sh;
			shellScript = "diff \"${PODS_PODFILE_DIR_PATH}/Podfile.lock\" \"${PODS_ROOT}/Manifest.lock\" > /dev/null\nif [ $? != 0 ] ; then\n    # print error to STDERR\n    echo \"error: The sandbox is not in sync with the Podfile.lock. Run 'pod install' or update your CocoaPods installation.\" >&2\n    exit 1\nfi\n# This output is used by Xcode 'outputs' to avoid re-running this script phase.\necho \"SUCCESS\" > \"${SCRIPT_OUTPUT_FILE_0}\"\n";
			showEnvVarsInLog = 0;
		};
		D9532EB1267C7604009047CE /* ShellScript */ = {
			isa = PBXShellScriptBuildPhase;
			buildActionMask = 2147483647;
			files = (
			);
			inputFileListPaths = (
			);
			inputPaths = (
			);
			outputFileListPaths = (
			);
			outputPaths = (
			);
			runOnlyForDeploymentPostprocessing = 0;
			shellPath = /bin/sh;
			shellScript = "# Type a script or drag a script file from your workspace to insert its path.\n# if which swiftlint >/dev/null; then\n#  swiftlint\n# else\n#  echo \"warning: SwiftLint not installed, download from https://github.com/realm/SwiftLint\"\n# fi\n";
		};
/* End PBXShellScriptBuildPhase section */

/* Begin PBXSourcesBuildPhase section */
		D9AAA077267C65B100135326 /* Sources */ = {
			isa = PBXSourcesBuildPhase;
			buildActionMask = 2147483647;
			files = (
				95BA862026D5E93300238B9F /* TestScreenViewModel.swift in Sources */,
				D96441CF267FE116008406FE /* Mood.swift in Sources */,
				D91A4DF62684E4350050E519 /* MainControllerViewModel.swift in Sources */,
				D9AAA083267C65B100135326 /* MainViewController.swift in Sources */,
				95BA862826D5ED1500238B9F /* TestScreenTableViewCell.swift in Sources */,
				D96441CD267FE035008406FE /* DiarySubviewController.swift in Sources */,
				D96441E4268057A9008406FE /* UIViewController+Ext.swift in Sources */,
				D9AAA07F267C65B100135326 /* AppDelegate.swift in Sources */,
				D96441D4267FE740008406FE /* String+Ext.swift in Sources */,
				D9AAA370268925D000EDCDF1 /* AlertProtocol.swift in Sources */,
				95BA861926D5E90E00238B9F /* TestScreenViewController.swift in Sources */,
				D96441DA267FF03E008406FE /* NotificationViewController.swift in Sources */,
				D96441EE26823C72008406FE /* CellReusable.swift in Sources */,
				D9AAA36C2689134A00EDCDF1 /* DiaryTableViewCellViewModel.swift in Sources */,
				D9AAA081267C65B100135326 /* SceneDelegate.swift in Sources */,
				D96441E12680528F008406FE /* Soliu.xcdatamodeld in Sources */,
				D9033F4726D5E301007756C3 /* DiarySubviewModel.swift in Sources */,
				95E6A44B26D8A9FC007A2C9B /* UIColor+Ext.swift in Sources */,
				D96441D7267FEA5F008406FE /* DiaryTableViewCell.swift in Sources */,
				95BA862526D5EA6500238B9F /* TestSection.swift in Sources */,
			);
			runOnlyForDeploymentPostprocessing = 0;
		};
/* End PBXSourcesBuildPhase section */

/* Begin PBXVariantGroup section */
		D9AAA084267C65B100135326 /* Main.storyboard */ = {
			isa = PBXVariantGroup;
			children = (
				D9AAA085267C65B100135326 /* Base */,
			);
			name = Main.storyboard;
			sourceTree = "<group>";
		};
		D9AAA089267C65B500135326 /* LaunchScreen.storyboard */ = {
			isa = PBXVariantGroup;
			children = (
				D9AAA08A267C65B500135326 /* Base */,
			);
			name = LaunchScreen.storyboard;
			sourceTree = "<group>";
		};
/* End PBXVariantGroup section */

/* Begin XCBuildConfiguration section */
		D9AAA08D267C65B500135326 /* Debug */ = {
			isa = XCBuildConfiguration;
			buildSettings = {
				ALWAYS_SEARCH_USER_PATHS = NO;
				CLANG_ANALYZER_NONNULL = YES;
				CLANG_ANALYZER_NUMBER_OBJECT_CONVERSION = YES_AGGRESSIVE;
				CLANG_CXX_LANGUAGE_STANDARD = "gnu++14";
				CLANG_CXX_LIBRARY = "libc++";
				CLANG_ENABLE_MODULES = YES;
				CLANG_ENABLE_OBJC_ARC = YES;
				CLANG_ENABLE_OBJC_WEAK = YES;
				CLANG_WARN_BLOCK_CAPTURE_AUTORELEASING = YES;
				CLANG_WARN_BOOL_CONVERSION = YES;
				CLANG_WARN_COMMA = YES;
				CLANG_WARN_CONSTANT_CONVERSION = YES;
				CLANG_WARN_DEPRECATED_OBJC_IMPLEMENTATIONS = YES;
				CLANG_WARN_DIRECT_OBJC_ISA_USAGE = YES_ERROR;
				CLANG_WARN_DOCUMENTATION_COMMENTS = YES;
				CLANG_WARN_EMPTY_BODY = YES;
				CLANG_WARN_ENUM_CONVERSION = YES;
				CLANG_WARN_INFINITE_RECURSION = YES;
				CLANG_WARN_INT_CONVERSION = YES;
				CLANG_WARN_NON_LITERAL_NULL_CONVERSION = YES;
				CLANG_WARN_OBJC_IMPLICIT_RETAIN_SELF = YES;
				CLANG_WARN_OBJC_LITERAL_CONVERSION = YES;
				CLANG_WARN_OBJC_ROOT_CLASS = YES_ERROR;
				CLANG_WARN_QUOTED_INCLUDE_IN_FRAMEWORK_HEADER = YES;
				CLANG_WARN_RANGE_LOOP_ANALYSIS = YES;
				CLANG_WARN_STRICT_PROTOTYPES = YES;
				CLANG_WARN_SUSPICIOUS_MOVE = YES;
				CLANG_WARN_UNGUARDED_AVAILABILITY = YES_AGGRESSIVE;
				CLANG_WARN_UNREACHABLE_CODE = YES;
				CLANG_WARN__DUPLICATE_METHOD_MATCH = YES;
				COPY_PHASE_STRIP = NO;
				DEBUG_INFORMATION_FORMAT = dwarf;
				ENABLE_STRICT_OBJC_MSGSEND = YES;
				ENABLE_TESTABILITY = YES;
				GCC_C_LANGUAGE_STANDARD = gnu11;
				GCC_DYNAMIC_NO_PIC = NO;
				GCC_NO_COMMON_BLOCKS = YES;
				GCC_OPTIMIZATION_LEVEL = 0;
				GCC_PREPROCESSOR_DEFINITIONS = (
					"DEBUG=1",
					"$(inherited)",
				);
				GCC_WARN_64_TO_32_BIT_CONVERSION = YES;
				GCC_WARN_ABOUT_RETURN_TYPE = YES_ERROR;
				GCC_WARN_UNDECLARED_SELECTOR = YES;
				GCC_WARN_UNINITIALIZED_AUTOS = YES_AGGRESSIVE;
				GCC_WARN_UNUSED_FUNCTION = YES;
				GCC_WARN_UNUSED_VARIABLE = YES;
				IPHONEOS_DEPLOYMENT_TARGET = 14.1;
				MTL_ENABLE_DEBUG_INFO = INCLUDE_SOURCE;
				MTL_FAST_MATH = YES;
				ONLY_ACTIVE_ARCH = YES;
				SDKROOT = iphoneos;
				SWIFT_ACTIVE_COMPILATION_CONDITIONS = DEBUG;
				SWIFT_OPTIMIZATION_LEVEL = "-Onone";
			};
			name = Debug;
		};
		D9AAA08E267C65B500135326 /* Release */ = {
			isa = XCBuildConfiguration;
			buildSettings = {
				ALWAYS_SEARCH_USER_PATHS = NO;
				CLANG_ANALYZER_NONNULL = YES;
				CLANG_ANALYZER_NUMBER_OBJECT_CONVERSION = YES_AGGRESSIVE;
				CLANG_CXX_LANGUAGE_STANDARD = "gnu++14";
				CLANG_CXX_LIBRARY = "libc++";
				CLANG_ENABLE_MODULES = YES;
				CLANG_ENABLE_OBJC_ARC = YES;
				CLANG_ENABLE_OBJC_WEAK = YES;
				CLANG_WARN_BLOCK_CAPTURE_AUTORELEASING = YES;
				CLANG_WARN_BOOL_CONVERSION = YES;
				CLANG_WARN_COMMA = YES;
				CLANG_WARN_CONSTANT_CONVERSION = YES;
				CLANG_WARN_DEPRECATED_OBJC_IMPLEMENTATIONS = YES;
				CLANG_WARN_DIRECT_OBJC_ISA_USAGE = YES_ERROR;
				CLANG_WARN_DOCUMENTATION_COMMENTS = YES;
				CLANG_WARN_EMPTY_BODY = YES;
				CLANG_WARN_ENUM_CONVERSION = YES;
				CLANG_WARN_INFINITE_RECURSION = YES;
				CLANG_WARN_INT_CONVERSION = YES;
				CLANG_WARN_NON_LITERAL_NULL_CONVERSION = YES;
				CLANG_WARN_OBJC_IMPLICIT_RETAIN_SELF = YES;
				CLANG_WARN_OBJC_LITERAL_CONVERSION = YES;
				CLANG_WARN_OBJC_ROOT_CLASS = YES_ERROR;
				CLANG_WARN_QUOTED_INCLUDE_IN_FRAMEWORK_HEADER = YES;
				CLANG_WARN_RANGE_LOOP_ANALYSIS = YES;
				CLANG_WARN_STRICT_PROTOTYPES = YES;
				CLANG_WARN_SUSPICIOUS_MOVE = YES;
				CLANG_WARN_UNGUARDED_AVAILABILITY = YES_AGGRESSIVE;
				CLANG_WARN_UNREACHABLE_CODE = YES;
				CLANG_WARN__DUPLICATE_METHOD_MATCH = YES;
				COPY_PHASE_STRIP = NO;
				DEBUG_INFORMATION_FORMAT = "dwarf-with-dsym";
				ENABLE_NS_ASSERTIONS = NO;
				ENABLE_STRICT_OBJC_MSGSEND = YES;
				GCC_C_LANGUAGE_STANDARD = gnu11;
				GCC_NO_COMMON_BLOCKS = YES;
				GCC_WARN_64_TO_32_BIT_CONVERSION = YES;
				GCC_WARN_ABOUT_RETURN_TYPE = YES_ERROR;
				GCC_WARN_UNDECLARED_SELECTOR = YES;
				GCC_WARN_UNINITIALIZED_AUTOS = YES_AGGRESSIVE;
				GCC_WARN_UNUSED_FUNCTION = YES;
				GCC_WARN_UNUSED_VARIABLE = YES;
				IPHONEOS_DEPLOYMENT_TARGET = 14.1;
				MTL_ENABLE_DEBUG_INFO = NO;
				MTL_FAST_MATH = YES;
				SDKROOT = iphoneos;
				SWIFT_COMPILATION_MODE = wholemodule;
				SWIFT_OPTIMIZATION_LEVEL = "-O";
				VALIDATE_PRODUCT = YES;
			};
			name = Release;
		};
		D9AAA090267C65B500135326 /* Debug */ = {
			isa = XCBuildConfiguration;
			baseConfigurationReference = F8BF02A940375DCFAA3B2439 /* Pods-Soliu.debug.xcconfig */;
			buildSettings = {
				ASSETCATALOG_COMPILER_APPICON_NAME = AppIcon;
				ASSETCATALOG_COMPILER_GLOBAL_ACCENT_COLOR_NAME = AccentColor;
				CODE_SIGN_STYLE = Automatic;
				DEVELOPMENT_TEAM = F8DZ32VLKR;
				INFOPLIST_FILE = Soliu/Common/Info.plist;
				LD_RUNPATH_SEARCH_PATHS = (
					"$(inherited)",
					"@executable_path/Frameworks",
				);
				PRODUCT_BUNDLE_IDENTIFIER = "com.kim-yoonha.Soliu";
				PRODUCT_NAME = "$(TARGET_NAME)";
				SWIFT_VERSION = 5.0;
				TARGETED_DEVICE_FAMILY = "1,2";
			};
			name = Debug;
		};
		D9AAA091267C65B500135326 /* Release */ = {
			isa = XCBuildConfiguration;
			baseConfigurationReference = B077D1EDCDA0C371790EF9FA /* Pods-Soliu.release.xcconfig */;
			buildSettings = {
				ASSETCATALOG_COMPILER_APPICON_NAME = AppIcon;
				ASSETCATALOG_COMPILER_GLOBAL_ACCENT_COLOR_NAME = AccentColor;
				CODE_SIGN_STYLE = Automatic;
				DEVELOPMENT_TEAM = F8DZ32VLKR;
				INFOPLIST_FILE = Soliu/Common/Info.plist;
				LD_RUNPATH_SEARCH_PATHS = (
					"$(inherited)",
					"@executable_path/Frameworks",
				);
				PRODUCT_BUNDLE_IDENTIFIER = "com.kim-yoonha.Soliu";
				PRODUCT_NAME = "$(TARGET_NAME)";
				SWIFT_VERSION = 5.0;
				TARGETED_DEVICE_FAMILY = "1,2";
			};
			name = Release;
		};
/* End XCBuildConfiguration section */

/* Begin XCConfigurationList section */
		D9AAA076267C65B100135326 /* Build configuration list for PBXProject "Soliu" */ = {
			isa = XCConfigurationList;
			buildConfigurations = (
				D9AAA08D267C65B500135326 /* Debug */,
				D9AAA08E267C65B500135326 /* Release */,
			);
			defaultConfigurationIsVisible = 0;
			defaultConfigurationName = Release;
		};
		D9AAA08F267C65B500135326 /* Build configuration list for PBXNativeTarget "Soliu" */ = {
			isa = XCConfigurationList;
			buildConfigurations = (
				D9AAA090267C65B500135326 /* Debug */,
				D9AAA091267C65B500135326 /* Release */,
			);
			defaultConfigurationIsVisible = 0;
			defaultConfigurationName = Release;
		};
/* End XCConfigurationList section */

/* Begin XCVersionGroup section */
		D96441DF2680528F008406FE /* Soliu.xcdatamodeld */ = {
			isa = XCVersionGroup;
			children = (
				D96441E02680528F008406FE /* Model.xcdatamodel */,
			);
			currentVersion = D96441E02680528F008406FE /* Model.xcdatamodel */;
			path = Soliu.xcdatamodeld;
			sourceTree = "<group>";
			versionGroupType = wrapper.xcdatamodel;
		};
/* End XCVersionGroup section */
	};
	rootObject = D9AAA073267C65B100135326 /* Project object */;
}
